
Microsoft Visual Studio Solution File, Format Version 12.00
# Visual Studio 14
VisualStudioVersion = 14.0.25420.1
MinimumVisualStudioVersion = 10.0.40219.1
Project("{FAE04EC0-301F-11D3-BF4B-00C04F79EFBC}") = "AdvisorCalc", "AdvisorCalc.csproj", "{8D6706D4-39AB-4256-AFE4-3A8548D2D5E1}"
EndProject
Project("{FAE04EC0-301F-11D3-BF4B-00C04F79EFBC}") = "AdvisorCalcConsoleApp", "AdvisorCalcConsoleApp\AdvisorCalcConsoleApp.csproj", "{B3DD55E5-503F-47FC-A906-1D35C8ADDA6B}"
EndProject
Global
	GlobalSection(SolutionConfigurationPlatforms) = preSolution
		Debug|Any CPU = Debug|Any CPU
		Release|Any CPU = Release|Any CPU
	EndGlobalSection
	GlobalSection(ProjectConfigurationPlatforms) = postSolution
		{8D6706D4-39AB-4256-AFE4-3A8548D2D5E1}.Debug|Any CPU.ActiveCfg = Debug|Any CPU
		{8D6706D4-39AB-4256-AFE4-3A8548D2D5E1}.Debug|Any CPU.Build.0 = Debug|Any CPU
		{8D6706D4-39AB-4256-AFE4-3A8548D2D5E1}.Release|Any CPU.ActiveCfg = Release|Any CPU
		{8D6706D4-39AB-4256-AFE4-3A8548D2D5E1}.Release|Any CPU.Build.0 = Release|Any CPU
		{B3DD55E5-503F-47FC-A906-1D35C8ADDA6B}.Debug|Any CPU.ActiveCfg = Debug|Any CPU
		{B3DD55E5-503F-47FC-A906-1D35C8ADDA6B}.Debug|Any CPU.Build.0 = Debug|Any CPU
		{B3DD55E5-503F-47FC-A906-1D35C8ADDA6B}.Release|Any CPU.ActiveCfg = Release|Any CPU
		{B3DD55E5-503F-47FC-A906-1D35C8ADDA6B}.Release|Any CPU.Build.0 = Release|Any CPU
	EndGlobalSection
	GlobalSection(SolutionProperties) = preSolution
		HideSolutionNode = FALSE
	EndGlobalSection
EndGlobal
